<Solution>
  <Folder Name="/src/">
    <Project Path="src/EternalX.Blazor.Server/EternalX.Blazor.Server.csproj" />
    <Project Path="src/EternalX.Blazor.Client/EternalX.Blazor.Client.csproj" />
    <Project Path="src/EternalX.Blazor.Shared/EternalX.Blazor.Shared.csproj" />
  </Folder>
  <Folder Name="/tests/">
    <Project Path="tests/EternalX.Blazor.Server.Tests/EternalX.Blazor.Server.Tests.csproj" />
  </Folder>
</Solution>
